
Microsoft Visual Studio Solution File, Format Version 12.00
# Visual Studio Version 16
VisualStudioVersion = 16.0.30406.217
MinimumVisualStudioVersion = 10.0.40219.1
Project("{FAE04EC0-301F-11D3-BF4B-00C04F79EFBC}") = "Bank_Encapsulation", "Bank_Account_Software\Bank_Encapsulation.csproj", "{2FE67566-E21A-4CB7-AC77-7D0BAD44C5A5}"
EndProject
Global
	GlobalSection(SolutionConfigurationPlatforms) = preSolution
		Debug|Any CPU = Debug|Any CPU
		Release|Any CPU = Release|Any CPU
	EndGlobalSection
	GlobalSection(ProjectConfigurationPlatforms) = postSolution
		{2FE67566-E21A-4CB7-AC77-7D0BAD44C5A5}.Debug|Any CPU.ActiveCfg = Debug|Any CPU
		{2FE67566-E21A-4CB7-AC77-7D0BAD44C5A5}.Debug|Any CPU.Build.0 = Debug|Any CPU
		{2FE67566-E21A-4CB7-AC77-7D0BAD44C5A5}.Release|Any CPU.ActiveCfg = Release|Any CPU
		{2FE67566-E21A-4CB7-AC77-7D0BAD44C5A5}.Release|Any CPU.Build.0 = Release|Any CPU
	EndGlobalSection
	GlobalSection(SolutionProperties) = preSolution
		HideSolutionNode = FALSE
	EndGlobalSection
	GlobalSection(ExtensibilityGlobals) = postSolution
		SolutionGuid = {833A49F2-7ABC-4DDA-B850-F45DA8D8CF15}
	EndGlobalSection
EndGlobal
